
Microsoft Visual Studio Solution File, Format Version 12.00
# Visual Studio Version 16
VisualStudioVersion = 16.0.29215.179
MinimumVisualStudioVersion = 10.0.40219.1
Project("{8BC9CEB8-8B4A-11D0-8D11-00A0C91BC942}") = "WeatherStation", "WeatherStation\WeatherStation.vcxproj", "{FB92747E-11AE-4426-97D7-F021EBAF6CD3}"
EndProject
Project("{8BC9CEB8-8B4A-11D0-8D11-00A0C91BC942}") = "WeatherStationTests", "WeatherStationTests\WeatherStationTests.vcxproj", "{0C738D1F-655C-4C97-BE1B-B165067F0451}"
EndProject
Project("{8BC9CEB8-8B4A-11D0-8D11-00A0C91BC942}") = "WeatherStationDuo", "WeatherStationDuo\WeatherStationDuo.vcxproj", "{BADEDC2A-2BD9-4A05-8775-ED3A8279E313}"
EndProject
Project("{8BC9CEB8-8B4A-11D0-8D11-00A0C91BC942}") = "WeatherStationDuoTests", "WeatherStationDuoTests\WeatherStationDuoTests.vcxproj", "{D70345AA-1245-482A-9A48-BE16CD69CE96}"
EndProject
Project("{8BC9CEB8-8B4A-11D0-8D11-00A0C91BC942}") = "WeatherStationPro", "WeatherStationPro\WeatherStationPro.vcxproj", "{81277AD1-6E6B-4910-904F-EE7BF1AE667D}"
EndProject
Project("{8BC9CEB8-8B4A-11D0-8D11-00A0C91BC942}") = "WeatherStationProTests", "WeatherStationProTests\WeatherStationProTests.vcxproj", "{7E8D2999-7611-46F6-B3AF-E7DB16638368}"
EndProject
Project("{8BC9CEB8-8B4A-11D0-8D11-00A0C91BC942}") = "WeatherStationProDuo", "WeatherStationProDuo\WeatherStationProDuo.vcxproj", "{5F7AD647-E86B-4F27-B1D0-10001F0EB5B8}"
EndProject
Project("{8BC9CEB8-8B4A-11D0-8D11-00A0C91BC942}") = "WeatherStationProDuoTests", "WeatherStationProDuoTests\WeatherStationProDuoTests.vcxproj", "{A8661613-979C-4D31-8696-19AA4CB08A21}"
EndProject
Project("{8BC9CEB8-8B4A-11D0-8D11-00A0C91BC942}") = "signal-slots", "signal-slots\signal-slots.vcxproj", "{AF2F3F81-AC6C-4C1E-8EA3-427E9808065D}"
EndProject
Project("{8BC9CEB8-8B4A-11D0-8D11-00A0C91BC942}") = "WeatherStationProEvents", "WeatherStationProEvents\WeatherStationProEvents.vcxproj", "{92FE3537-ED6F-47AB-AC63-6E72DCD5E767}"
EndProject
Project("{8BC9CEB8-8B4A-11D0-8D11-00A0C91BC942}") = "WeatherStationProEventsTests", "WeatherStationProEventsTests\WeatherStationProEventsTests.vcxproj", "{193645CA-CC15-478A-86CB-B81A0D627ED5}"
EndProject
Global
	GlobalSection(SolutionConfigurationPlatforms) = preSolution
		Debug|x64 = Debug|x64
		Debug|x86 = Debug|x86
		Release|x64 = Release|x64
		Release|x86 = Release|x86
	EndGlobalSection
	GlobalSection(ProjectConfigurationPlatforms) = postSolution
		{FB92747E-11AE-4426-97D7-F021EBAF6CD3}.Debug|x64.ActiveCfg = Debug|x64
		{FB92747E-11AE-4426-97D7-F021EBAF6CD3}.Debug|x64.Build.0 = Debug|x64
		{FB92747E-11AE-4426-97D7-F021EBAF6CD3}.Debug|x86.ActiveCfg = Debug|Win32
		{FB92747E-11AE-4426-97D7-F021EBAF6CD3}.Debug|x86.Build.0 = Debug|Win32
		{FB92747E-11AE-4426-97D7-F021EBAF6CD3}.Release|x64.ActiveCfg = Release|x64
		{FB92747E-11AE-4426-97D7-F021EBAF6CD3}.Release|x64.Build.0 = Release|x64
		{FB92747E-11AE-4426-97D7-F021EBAF6CD3}.Release|x86.ActiveCfg = Release|Win32
		{FB92747E-11AE-4426-97D7-F021EBAF6CD3}.Release|x86.Build.0 = Release|Win32
		{0C738D1F-655C-4C97-BE1B-B165067F0451}.Debug|x64.ActiveCfg = Debug|x64
		{0C738D1F-655C-4C97-BE1B-B165067F0451}.Debug|x64.Build.0 = Debug|x64
		{0C738D1F-655C-4C97-BE1B-B165067F0451}.Debug|x86.ActiveCfg = Debug|Win32
		{0C738D1F-655C-4C97-BE1B-B165067F0451}.Debug|x86.Build.0 = Debug|Win32
		{0C738D1F-655C-4C97-BE1B-B165067F0451}.Release|x64.ActiveCfg = Release|x64
		{0C738D1F-655C-4C97-BE1B-B165067F0451}.Release|x64.Build.0 = Release|x64
		{0C738D1F-655C-4C97-BE1B-B165067F0451}.Release|x86.ActiveCfg = Release|Win32
		{0C738D1F-655C-4C97-BE1B-B165067F0451}.Release|x86.Build.0 = Release|Win32
		{BADEDC2A-2BD9-4A05-8775-ED3A8279E313}.Debug|x64.ActiveCfg = Debug|x64
		{BADEDC2A-2BD9-4A05-8775-ED3A8279E313}.Debug|x64.Build.0 = Debug|x64
		{BADEDC2A-2BD9-4A05-8775-ED3A8279E313}.Debug|x86.ActiveCfg = Debug|Win32
		{BADEDC2A-2BD9-4A05-8775-ED3A8279E313}.Debug|x86.Build.0 = Debug|Win32
		{BADEDC2A-2BD9-4A05-8775-ED3A8279E313}.Release|x64.ActiveCfg = Release|x64
		{BADEDC2A-2BD9-4A05-8775-ED3A8279E313}.Release|x64.Build.0 = Release|x64
		{BADEDC2A-2BD9-4A05-8775-ED3A8279E313}.Release|x86.ActiveCfg = Release|Win32
		{BADEDC2A-2BD9-4A05-8775-ED3A8279E313}.Release|x86.Build.0 = Release|Win32
		{D70345AA-1245-482A-9A48-BE16CD69CE96}.Debug|x64.ActiveCfg = Debug|x64
		{D70345AA-1245-482A-9A48-BE16CD69CE96}.Debug|x64.Build.0 = Debug|x64
		{D70345AA-1245-482A-9A48-BE16CD69CE96}.Debug|x86.ActiveCfg = Debug|Win32
		{D70345AA-1245-482A-9A48-BE16CD69CE96}.Debug|x86.Build.0 = Debug|Win32
		{D70345AA-1245-482A-9A48-BE16CD69CE96}.Release|x64.ActiveCfg = Release|x64
		{D70345AA-1245-482A-9A48-BE16CD69CE96}.Release|x64.Build.0 = Release|x64
		{D70345AA-1245-482A-9A48-BE16CD69CE96}.Release|x86.ActiveCfg = Release|Win32
		{D70345AA-1245-482A-9A48-BE16CD69CE96}.Release|x86.Build.0 = Release|Win32
		{81277AD1-6E6B-4910-904F-EE7BF1AE667D}.Debug|x64.ActiveCfg = Debug|x64
		{81277AD1-6E6B-4910-904F-EE7BF1AE667D}.Debug|x64.Build.0 = Debug|x64
		{81277AD1-6E6B-4910-904F-EE7BF1AE667D}.Debug|x86.ActiveCfg = Debug|Win32
		{81277AD1-6E6B-4910-904F-EE7BF1AE667D}.Debug|x86.Build.0 = Debug|Win32
		{81277AD1-6E6B-4910-904F-EE7BF1AE667D}.Release|x64.ActiveCfg = Release|x64
		{81277AD1-6E6B-4910-904F-EE7BF1AE667D}.Release|x64.Build.0 = Release|x64
		{81277AD1-6E6B-4910-904F-EE7BF1AE667D}.Release|x86.ActiveCfg = Release|Win32
		{81277AD1-6E6B-4910-904F-EE7BF1AE667D}.Release|x86.Build.0 = Release|Win32
		{7E8D2999-7611-46F6-B3AF-E7DB16638368}.Debug|x64.ActiveCfg = Debug|x64
		{7E8D2999-7611-46F6-B3AF-E7DB16638368}.Debug|x64.Build.0 = Debug|x64
		{7E8D2999-7611-46F6-B3AF-E7DB16638368}.Debug|x86.ActiveCfg = Debug|Win32
		{7E8D2999-7611-46F6-B3AF-E7DB16638368}.Debug|x86.Build.0 = Debug|Win32
		{7E8D2999-7611-46F6-B3AF-E7DB16638368}.Release|x64.ActiveCfg = Release|x64
		{7E8D2999-7611-46F6-B3AF-E7DB16638368}.Release|x64.Build.0 = Release|x64
		{7E8D2999-7611-46F6-B3AF-E7DB16638368}.Release|x86.ActiveCfg = Release|Win32
		{7E8D2999-7611-46F6-B3AF-E7DB16638368}.Release|x86.Build.0 = Release|Win32
		{5F7AD647-E86B-4F27-B1D0-10001F0EB5B8}.Debug|x64.ActiveCfg = Debug|x64
		{5F7AD647-E86B-4F27-B1D0-10001F0EB5B8}.Debug|x64.Build.0 = Debug|x64
		{5F7AD647-E86B-4F27-B1D0-10001F0EB5B8}.Debug|x86.ActiveCfg = Debug|Win32
		{5F7AD647-E86B-4F27-B1D0-10001F0EB5B8}.Debug|x86.Build.0 = Debug|Win32
		{5F7AD647-E86B-4F27-B1D0-10001F0EB5B8}.Release|x64.ActiveCfg = Release|x64
		{5F7AD647-E86B-4F27-B1D0-10001F0EB5B8}.Release|x64.Build.0 = Release|x64
		{5F7AD647-E86B-4F27-B1D0-10001F0EB5B8}.Release|x86.ActiveCfg = Release|Win32
		{5F7AD647-E86B-4F27-B1D0-10001F0EB5B8}.Release|x86.Build.0 = Release|Win32
		{A8661613-979C-4D31-8696-19AA4CB08A21}.Debug|x64.ActiveCfg = Debug|x64
		{A8661613-979C-4D31-8696-19AA4CB08A21}.Debug|x64.Build.0 = Debug|x64
		{A8661613-979C-4D31-8696-19AA4CB08A21}.Debug|x86.ActiveCfg = Debug|Win32
		{A8661613-979C-4D31-8696-19AA4CB08A21}.Debug|x86.Build.0 = Debug|Win32
		{A8661613-979C-4D31-8696-19AA4CB08A21}.Release|x64.ActiveCfg = Release|x64
		{A8661613-979C-4D31-8696-19AA4CB08A21}.Release|x64.Build.0 = Release|x64
		{A8661613-979C-4D31-8696-19AA4CB08A21}.Release|x86.ActiveCfg = Release|Win32
		{A8661613-979C-4D31-8696-19AA4CB08A21}.Release|x86.Build.0 = Release|Win32
		{AF2F3F81-AC6C-4C1E-8EA3-427E9808065D}.Debug|x64.ActiveCfg = Debug|x64
		{AF2F3F81-AC6C-4C1E-8EA3-427E9808065D}.Debug|x64.Build.0 = Debug|x64
		{AF2F3F81-AC6C-4C1E-8EA3-427E9808065D}.Debug|x86.ActiveCfg = Debug|Win32
		{AF2F3F81-AC6C-4C1E-8EA3-427E9808065D}.Debug|x86.Build.0 = Debug|Win32
		{AF2F3F81-AC6C-4C1E-8EA3-427E9808065D}.Release|x64.ActiveCfg = Release|x64
		{AF2F3F81-AC6C-4C1E-8EA3-427E9808065D}.Release|x64.Build.0 = Release|x64
		{AF2F3F81-AC6C-4C1E-8EA3-427E9808065D}.Release|x86.ActiveCfg = Release|Win32
		{AF2F3F81-AC6C-4C1E-8EA3-427E9808065D}.Release|x86.Build.0 = Release|Win32
		{92FE3537-ED6F-47AB-AC63-6E72DCD5E767}.Debug|x64.ActiveCfg = Debug|x64
		{92FE3537-ED6F-47AB-AC63-6E72DCD5E767}.Debug|x64.Build.0 = Debug|x64
		{92FE3537-ED6F-47AB-AC63-6E72DCD5E767}.Debug|x86.ActiveCfg = Debug|Win32
		{92FE3537-ED6F-47AB-AC63-6E72DCD5E767}.Debug|x86.Build.0 = Debug|Win32
		{92FE3537-ED6F-47AB-AC63-6E72DCD5E767}.Release|x64.ActiveCfg = Release|x64
		{92FE3537-ED6F-47AB-AC63-6E72DCD5E767}.Release|x64.Build.0 = Release|x64
		{92FE3537-ED6F-47AB-AC63-6E72DCD5E767}.Release|x86.ActiveCfg = Release|Win32
		{92FE3537-ED6F-47AB-AC63-6E72DCD5E767}.Release|x86.Build.0 = Release|Win32
		{193645CA-CC15-478A-86CB-B81A0D627ED5}.Debug|x64.ActiveCfg = Debug|x64
		{193645CA-CC15-478A-86CB-B81A0D627ED5}.Debug|x64.Build.0 = Debug|x64
		{193645CA-CC15-478A-86CB-B81A0D627ED5}.Debug|x86.ActiveCfg = Debug|Win32
		{193645CA-CC15-478A-86CB-B81A0D627ED5}.Debug|x86.Build.0 = Debug|Win32
		{193645CA-CC15-478A-86CB-B81A0D627ED5}.Release|x64.ActiveCfg = Release|x64
		{193645CA-CC15-478A-86CB-B81A0D627ED5}.Release|x64.Build.0 = Release|x64
		{193645CA-CC15-478A-86CB-B81A0D627ED5}.Release|x86.ActiveCfg = Release|Win32
		{193645CA-CC15-478A-86CB-B81A0D627ED5}.Release|x86.Build.0 = Release|Win32
	EndGlobalSection
	GlobalSection(SolutionProperties) = preSolution
		HideSolutionNode = FALSE
	EndGlobalSection
	GlobalSection(ExtensibilityGlobals) = postSolution
		SolutionGuid = {6FA3177A-366E-4299-A8A4-26EE768FCB61}
	EndGlobalSection
EndGlobal
