
Microsoft Visual Studio Solution File, Format Version 12.00
# Visual Studio Version 16
VisualStudioVersion = 16.0.29215.179
MinimumVisualStudioVersion = 10.0.40219.1
Project("{8BC9CEB8-8B4A-11D0-8D11-00A0C91BC942}") = "WeatherStation", "WeatherStation\WeatherStation.vcxproj", "{FB92747E-11AE-4426-97D7-F021EBAF6CD3}"
EndProject
Project("{8BC9CEB8-8B4A-11D0-8D11-00A0C91BC942}") = "WeatherStationTests", "WeatherStationTests\WeatherStationTests.vcxproj", "{0C738D1F-655C-4C97-BE1B-B165067F0451}"
EndProject
Global
	GlobalSection(SolutionConfigurationPlatforms) = preSolution
		Debug|x64 = Debug|x64
		Debug|x86 = Debug|x86
		Release|x64 = Release|x64
		Release|x86 = Release|x86
	EndGlobalSection
	GlobalSection(ProjectConfigurationPlatforms) = postSolution
		{FB92747E-11AE-4426-97D7-F021EBAF6CD3}.Debug|x64.ActiveCfg = Debug|x64
		{FB92747E-11AE-4426-97D7-F021EBAF6CD3}.Debug|x64.Build.0 = Debug|x64
		{FB92747E-11AE-4426-97D7-F021EBAF6CD3}.Debug|x86.ActiveCfg = Debug|Win32
		{FB92747E-11AE-4426-97D7-F021EBAF6CD3}.Debug|x86.Build.0 = Debug|Win32
		{FB92747E-11AE-4426-97D7-F021EBAF6CD3}.Release|x64.ActiveCfg = Release|x64
		{FB92747E-11AE-4426-97D7-F021EBAF6CD3}.Release|x64.Build.0 = Release|x64
		{FB92747E-11AE-4426-97D7-F021EBAF6CD3}.Release|x86.ActiveCfg = Release|Win32
		{FB92747E-11AE-4426-97D7-F021EBAF6CD3}.Release|x86.Build.0 = Release|Win32
		{0C738D1F-655C-4C97-BE1B-B165067F0451}.Debug|x64.ActiveCfg = Debug|x64
		{0C738D1F-655C-4C97-BE1B-B165067F0451}.Debug|x64.Build.0 = Debug|x64
		{0C738D1F-655C-4C97-BE1B-B165067F0451}.Debug|x86.ActiveCfg = Debug|Win32
		{0C738D1F-655C-4C97-BE1B-B165067F0451}.Debug|x86.Build.0 = Debug|Win32
		{0C738D1F-655C-4C97-BE1B-B165067F0451}.Release|x64.ActiveCfg = Release|x64
		{0C738D1F-655C-4C97-BE1B-B165067F0451}.Release|x64.Build.0 = Release|x64
		{0C738D1F-655C-4C97-BE1B-B165067F0451}.Release|x86.ActiveCfg = Release|Win32
		{0C738D1F-655C-4C97-BE1B-B165067F0451}.Release|x86.Build.0 = Release|Win32
	EndGlobalSection
	GlobalSection(SolutionProperties) = preSolution
		HideSolutionNode = FALSE
	EndGlobalSection
	GlobalSection(ExtensibilityGlobals) = postSolution
		SolutionGuid = {6FA3177A-366E-4299-A8A4-26EE768FCB61}
	EndGlobalSection
EndGlobal
