<?xml version="1.0" encoding="utf-8"?>
<Project ToolsVersion="4.0" xmlns="http://schemas.microsoft.com/developer/msbuild/2003">
  <ItemGroup>
    <Filter Include="Source Files">
      <UniqueIdentifier>{4FC737F1-C7A5-4376-A066-2A32D752A2FF}</UniqueIdentifier>
      <Extensions>cpp;c;cc;cxx;def;odl;idl;hpj;bat;asm;asmx</Extensions>
    </Filter>
    <Filter Include="Header Files">
      <UniqueIdentifier>{93995380-89BD-4b04-88EB-625FBE52EBFB}</UniqueIdentifier>
      <Extensions>h;hh;hpp;hxx;hm;inl;inc;ipp;xsd</Extensions>
    </Filter>
    <Filter Include="Resource Files">
      <UniqueIdentifier>{67DA6AB6-F800-4c08-8B7A-83BB121AAD01}</UniqueIdentifier>
      <Extensions>rc;ico;cur;bmp;dlg;rc2;rct;bin;rgs;gif;jpg;jpeg;jpe;resx;tiff;tif;png;wav;mfcribbon-ms</Extensions>
    </Filter>
  </ItemGroup>
  <ItemGroup>
    <ClCompile Include="main.cpp">
      <Filter>Source Files</Filter>
    </ClCompile>
    <ClCompile Include="..\slides\shapes\SimpleShape.cpp">
      <Filter>Source Files</Filter>
    </ClCompile>
    <ClCompile Include="simpleShapeTest.cpp">
      <Filter>Source Files</Filter>
    </ClCompile>
    <ClCompile Include="shapeGroupTest.cpp">
      <Filter>Source Files</Filter>
    </ClCompile>
    <ClCompile Include="..\slides\shapes\ShapeGroup.cpp">
      <Filter>Source Files</Filter>
    </ClCompile>
    <ClCompile Include="slideTest.cpp">
      <Filter>Source Files</Filter>
    </ClCompile>
    <ClCompile Include="..\slides\shapes\styles\FillStyle.cpp">
      <Filter>Source Files</Filter>
    </ClCompile>
    <ClCompile Include="..\slides\shapes\styles\OutlineStyle.cpp">
      <Filter>Source Files</Filter>
    </ClCompile>
    <ClCompile Include="stylesTest.cpp">
      <Filter>Source Files</Filter>
    </ClCompile>
    <ClCompile Include="..\slides\shapes\styles\GroupFillStyle.cpp">
      <Filter>Source Files</Filter>
    </ClCompile>
    <ClCompile Include="..\slides\shapes\styles\GroupOutlineStyle.cpp">
      <Filter>Source Files</Filter>
    </ClCompile>
    <ClCompile Include="mocks\MockStyles.cpp">
      <Filter>Source Files</Filter>
    </ClCompile>
    <ClCompile Include="groupFillStyleTest.cpp">
      <Filter>Source Files</Filter>
    </ClCompile>
    <ClCompile Include="groupOutlineStyleTest.cpp">
      <Filter>Source Files</Filter>
    </ClCompile>
  </ItemGroup>
  <ItemGroup>
    <ClInclude Include="..\slides\shapes\IShape.h">
      <Filter>Header Files</Filter>
    </ClInclude>
    <ClInclude Include="..\slides\shapes\SimpleShape.h">
      <Filter>Header Files</Filter>
    </ClInclude>
    <ClInclude Include="..\slides\shapes\styles\IStyle.h">
      <Filter>Header Files</Filter>
    </ClInclude>
    <ClInclude Include="..\slides\shapes\styles\IOutlineStyle.h">
      <Filter>Header Files</Filter>
    </ClInclude>
    <ClInclude Include="Colors.h">
      <Filter>Header Files</Filter>
    </ClInclude>
    <ClInclude Include="..\slides\shapes\ShapeGroup.h">
      <Filter>Header Files</Filter>
    </ClInclude>
    <ClInclude Include="..\slides\shapes\styles\FillStyle.h">
      <Filter>Header Files</Filter>
    </ClInclude>
    <ClInclude Include="..\slides\shapes\styles\OutlineStyle.h">
      <Filter>Header Files</Filter>
    </ClInclude>
    <ClInclude Include="..\slides\shapes\styles\GroupFillStyle.h">
      <Filter>Header Files</Filter>
    </ClInclude>
    <ClInclude Include="..\slides\shapes\styles\GroupOutlineStyle.h">
      <Filter>Header Files</Filter>
    </ClInclude>
    <ClInclude Include="mocks\MockStyles.h">
      <Filter>Header Files</Filter>
    </ClInclude>
  </ItemGroup>
</Project>